
Microsoft Visual Studio Solution File, Format Version 11.00
# Visual Studio 2010
Project("{FAE04EC0-301F-11D3-BF4B-00C04F79EFBC}") = "clojure.tools.namespace", "clojure.tools.namespace.csproj", "{741E50D4-8A95-4CF9-87BF-275EF41006EE}"
EndProject
Global
	GlobalSection(SolutionConfigurationPlatforms) = preSolution
		Debug|Any CPU = Debug|Any CPU
		Release|Any CPU = Release|Any CPU
	EndGlobalSection
	GlobalSection(ProjectConfigurationPlatforms) = postSolution
		{741E50D4-8A95-4CF9-87BF-275EF41006EE}.Debug|Any CPU.ActiveCfg = Debug|Any CPU
		{741E50D4-8A95-4CF9-87BF-275EF41006EE}.Debug|Any CPU.Build.0 = Debug|Any CPU
		{741E50D4-8A95-4CF9-87BF-275EF41006EE}.Release|Any CPU.ActiveCfg = Release|Any CPU
		{741E50D4-8A95-4CF9-87BF-275EF41006EE}.Release|Any CPU.Build.0 = Release|Any CPU
	EndGlobalSection
	GlobalSection(SolutionProperties) = preSolution
		HideSolutionNode = FALSE
	EndGlobalSection
EndGlobal
